// !$*UTF8*$!
{
	archiveVersion = 1;
	classes = {
	};
	objectVersion = 50;
	objects = {

/* Begin PBXFileReference section */
		459638B5219C77DF00F18376 /* probaDistro.java */ = {isa = PBXFileReference; lastKnownFileType = sourcecode.java; path = probaDistro.java; sourceTree = "<group>"; };
/* End PBXFileReference section */

/* Begin PBXGroup section */
		459638AE219C77B200F18376 = {
			isa = PBXGroup;
			children = (
				459638B5219C77DF00F18376 /* probaDistro.java */,
			);
			sourceTree = "<group>";
		};
/* End PBXGroup section */

/* Begin PBXProject section */
		459638AF219C77B200F18376 /* Project object */ = {
			isa = PBXProject;
			attributes = {
				LastUpgradeCheck = 1010;
			};
			buildConfigurationList = 459638B2219C77B200F18376 /* Build configuration list for PBXProject "ProbabilityDIstro" */;
			compatibilityVersion = "Xcode 9.3";
			developmentRegion = en;
			hasScannedForEncodings = 0;
			knownRegions = (
				en,
			);
			mainGroup = 459638AE219C77B200F18376;
			projectDirPath = "";
			projectRoot = "";
			targets = (
			);
		};
/* End PBXProject section */

/* Begin XCBuildConfiguration section */
		459638B3219C77B300F18376 /* Debug */ = {
			isa = XCBuildConfiguration;
			buildSettings = {
			};
			name = Debug;
		};
		459638B4219C77B300F18376 /* Release */ = {
			isa = XCBuildConfiguration;
			buildSettings = {
			};
			name = Release;
		};
/* End XCBuildConfiguration section */

/* Begin XCConfigurationList section */
		459638B2219C77B200F18376 /* Build configuration list for PBXProject "ProbabilityDIstro" */ = {
			isa = XCConfigurationList;
			buildConfigurations = (
				459638B3219C77B300F18376 /* Debug */,
				459638B4219C77B300F18376 /* Release */,
			);
			defaultConfigurationIsVisible = 0;
			defaultConfigurationName = Release;
		};
/* End XCConfigurationList section */
	};
	rootObject = 459638AF219C77B200F18376 /* Project object */;
}
